
Microsoft Visual Studio Solution File, Format Version 12.00
# Visual Studio Version 16
VisualStudioVersion = 16.0.28809.33
MinimumVisualStudioVersion = 10.0.40219.1
Project("{9A19103F-16F7-4668-BE54-9A1E7A4F7556}") = "Core", "Core\Core.csproj", "{8A68F691-F36D-4D1C-844D-0B0A2F19CD76}"
EndProject
Project("{FAE04EC0-301F-11D3-BF4B-00C04F79EFBC}") = "Assets", "Assets\Assets.csproj", "{9A4A4D4D-7CA6-41E2-9F5E-D803C09F6A16}"
EndProject
Project("{9A19103F-16F7-4668-BE54-9A1E7A4F7556}") = "Client", "Client\Client.csproj", "{8169087F-1C7B-4644-B0DF-655BD44F3B0F}"
	ProjectSection(ProjectDependencies) = postProject
		{9A4A4D4D-7CA6-41E2-9F5E-D803C09F6A16} = {9A4A4D4D-7CA6-41E2-9F5E-D803C09F6A16}
		{8A68F691-F36D-4D1C-844D-0B0A2F19CD76} = {8A68F691-F36D-4D1C-844D-0B0A2F19CD76}
	EndProjectSection
EndProject
Project("{FAE04EC0-301F-11D3-BF4B-00C04F79EFBC}") = "Tests", "Tests\Tests.csproj", "{A0043EF8-C339-4FC4-958A-A2548681184B}"
EndProject
Project("{FAE04EC0-301F-11D3-BF4B-00C04F79EFBC}") = "Generators", "Generators\Generators.csproj", "{F0DB248D-4A0F-4BF5-8885-E9556F22A3EF}"
EndProject
Global
	GlobalSection(SolutionConfigurationPlatforms) = preSolution
		Debug|Any CPU = Debug|Any CPU
		Release|Any CPU = Release|Any CPU
	EndGlobalSection
	GlobalSection(ProjectConfigurationPlatforms) = postSolution
		{8A68F691-F36D-4D1C-844D-0B0A2F19CD76}.Debug|Any CPU.ActiveCfg = Debug|Any CPU
		{8A68F691-F36D-4D1C-844D-0B0A2F19CD76}.Debug|Any CPU.Build.0 = Debug|Any CPU
		{8A68F691-F36D-4D1C-844D-0B0A2F19CD76}.Release|Any CPU.ActiveCfg = Release|Any CPU
		{8A68F691-F36D-4D1C-844D-0B0A2F19CD76}.Release|Any CPU.Build.0 = Release|Any CPU
		{9A4A4D4D-7CA6-41E2-9F5E-D803C09F6A16}.Debug|Any CPU.ActiveCfg = Debug|Any CPU
		{9A4A4D4D-7CA6-41E2-9F5E-D803C09F6A16}.Debug|Any CPU.Build.0 = Debug|Any CPU
		{9A4A4D4D-7CA6-41E2-9F5E-D803C09F6A16}.Release|Any CPU.ActiveCfg = Release|Any CPU
		{9A4A4D4D-7CA6-41E2-9F5E-D803C09F6A16}.Release|Any CPU.Build.0 = Release|Any CPU
		{8169087F-1C7B-4644-B0DF-655BD44F3B0F}.Debug|Any CPU.ActiveCfg = Debug|Any CPU
		{8169087F-1C7B-4644-B0DF-655BD44F3B0F}.Debug|Any CPU.Build.0 = Debug|Any CPU
		{8169087F-1C7B-4644-B0DF-655BD44F3B0F}.Release|Any CPU.ActiveCfg = Release|Any CPU
		{8169087F-1C7B-4644-B0DF-655BD44F3B0F}.Release|Any CPU.Build.0 = Release|Any CPU
		{A0043EF8-C339-4FC4-958A-A2548681184B}.Debug|Any CPU.ActiveCfg = Debug|Any CPU
		{A0043EF8-C339-4FC4-958A-A2548681184B}.Debug|Any CPU.Build.0 = Debug|Any CPU
		{A0043EF8-C339-4FC4-958A-A2548681184B}.Release|Any CPU.ActiveCfg = Release|Any CPU
		{A0043EF8-C339-4FC4-958A-A2548681184B}.Release|Any CPU.Build.0 = Release|Any CPU
		{F0DB248D-4A0F-4BF5-8885-E9556F22A3EF}.Debug|Any CPU.ActiveCfg = Debug|Any CPU
		{F0DB248D-4A0F-4BF5-8885-E9556F22A3EF}.Debug|Any CPU.Build.0 = Debug|Any CPU
		{F0DB248D-4A0F-4BF5-8885-E9556F22A3EF}.Release|Any CPU.ActiveCfg = Release|Any CPU
		{F0DB248D-4A0F-4BF5-8885-E9556F22A3EF}.Release|Any CPU.Build.0 = Release|Any CPU
	EndGlobalSection
	GlobalSection(SolutionProperties) = preSolution
		HideSolutionNode = FALSE
	EndGlobalSection
	GlobalSection(ExtensibilityGlobals) = postSolution
		SolutionGuid = {BDC45048-5047-480E-AA50-E42A45F8CBAE}
	EndGlobalSection
EndGlobal
