<Solution>
  <Project Path="BenchmarkSuite/BenchmarkSuite.csproj" Id="67aef0ec-2a03-418e-b652-620e2b6b281b" />
  <Project Path="Client/Client.csproj">
    <BuildDependency Project="Core/Core.csproj" />
  </Project>
  <Project Path="Core/Core.csproj" />
  <Project Path="Tests/Tests.csproj" />
</Solution>
